
Microsoft Visual Studio Solution File, Format Version 12.00
# Visual Studio Version 17
VisualStudioVersion = 17.0.31903.59
MinimumVisualStudioVersion = 10.0.40219.1
Project("{FAE04EC0-301F-11D3-BF4B-00C04F79EFBC}") = "Codele", "Codele\Codele.csproj", "{65D36224-59C2-4612-A624-5E5A8F30308D}"
EndProject
Project("{FAE04EC0-301F-11D3-BF4B-00C04F79EFBC}") = "CodeleLogic", "CodeleLogic\CodeleLogic.csproj", "{8863B040-7DF3-49E9-85E3-C2531ADF0C63}"
EndProject
Global
	GlobalSection(SolutionConfigurationPlatforms) = preSolution
		Debug|Any CPU = Debug|Any CPU
		Release|Any CPU = Release|Any CPU
	EndGlobalSection
	GlobalSection(SolutionProperties) = preSolution
		HideSolutionNode = FALSE
	EndGlobalSection
	GlobalSection(ProjectConfigurationPlatforms) = postSolution
		{65D36224-59C2-4612-A624-5E5A8F30308D}.Debug|Any CPU.ActiveCfg = Debug|Any CPU
		{65D36224-59C2-4612-A624-5E5A8F30308D}.Debug|Any CPU.Build.0 = Debug|Any CPU
		{65D36224-59C2-4612-A624-5E5A8F30308D}.Release|Any CPU.ActiveCfg = Release|Any CPU
		{65D36224-59C2-4612-A624-5E5A8F30308D}.Release|Any CPU.Build.0 = Release|Any CPU
		{8863B040-7DF3-49E9-85E3-C2531ADF0C63}.Debug|Any CPU.ActiveCfg = Debug|Any CPU
		{8863B040-7DF3-49E9-85E3-C2531ADF0C63}.Debug|Any CPU.Build.0 = Debug|Any CPU
		{8863B040-7DF3-49E9-85E3-C2531ADF0C63}.Release|Any CPU.ActiveCfg = Release|Any CPU
		{8863B040-7DF3-49E9-85E3-C2531ADF0C63}.Release|Any CPU.Build.0 = Release|Any CPU
	EndGlobalSection
EndGlobal
